// !$*UTF8*$!
{
	archiveVersion = 1;
	classes = {
	};
	objectVersion = 70;
	objects = {

/* Begin PBXBuildFile section */
		0245AED52F0009AF009AD812 /* NftSortType.swift in Sources */ = {isa = PBXBuildFile; fileRef = 0245AECC2F0009AF009AD812 /* NftSortType.swift */; };
		0245AED62F0009AF009AD812 /* NFTScreenState.swift in Sources */ = {isa = PBXBuildFile; fileRef = 0245AED12F0009AF009AD812 /* NFTScreenState.swift */; };
		0245AED72F0009AF009AD812 /* MyNFTCell.swift in Sources */ = {isa = PBXBuildFile; fileRef = 0245AEC82F0009AF009AD812 /* MyNFTCell.swift */; };
		0245AED82F0009AF009AD812 /* MyNFTEmptyView.swift in Sources */ = {isa = PBXBuildFile; fileRef = 0245AEC92F0009AF009AD812 /* MyNFTEmptyView.swift */; };
		0245AED92F0009AF009AD812 /* MyNFTViewModel.swift in Sources */ = {isa = PBXBuildFile; fileRef = 0245AECB2F0009AF009AD812 /* MyNFTViewModel.swift */; };
		0245AEDA2F0009AF009AD812 /* FavNFTView.swift in Sources */ = {isa = PBXBuildFile; fileRef = 0245AEC52F0009AF009AD812 /* FavNFTView.swift */; };
		0245AEDB2F0009AF009AD812 /* TextFieldAlert.swift in Sources */ = {isa = PBXBuildFile; fileRef = 0245AEBB2F0009AF009AD812 /* TextFieldAlert.swift */; };
		0245AEDC2F0009AF009AD812 /* ExitAlert.swift in Sources */ = {isa = PBXBuildFile; fileRef = 0245AEBA2F0009AF009AD812 /* ExitAlert.swift */; };
		0245AEDD2F0009AF009AD812 /* ProfileListRow.swift in Sources */ = {isa = PBXBuildFile; fileRef = 0245AEBF2F0009AF009AD812 /* ProfileListRow.swift */; };
		0245AEDE2F0009AF009AD812 /* ProfileView.swift in Sources */ = {isa = PBXBuildFile; fileRef = 0245AEC02F0009AF009AD812 /* ProfileView.swift */; };
		0245AEDF2F0009AF009AD812 /* FavNFTViewModel.swift in Sources */ = {isa = PBXBuildFile; fileRef = 0245AEC62F0009AF009AD812 /* FavNFTViewModel.swift */; };
		0245AEE02F0009AF009AD812 /* NFTRatingView.swift in Sources */ = {isa = PBXBuildFile; fileRef = 0245AED02F0009AF009AD812 /* NFTRatingView.swift */; };
		0245AEE12F0009AF009AD812 /* ProfileUpdateRequest.swift in Sources */ = {isa = PBXBuildFile; fileRef = 0245AEB22F0009AF009AD812 /* ProfileUpdateRequest.swift */; };
		0245AEE22F0009AF009AD812 /* ProfileAutoGrowingTextEditor.swift in Sources */ = {isa = PBXBuildFile; fileRef = 0245AEB62F0009AF009AD812 /* ProfileAutoGrowingTextEditor.swift */; };
		0245AEE32F0009AF009AD812 /* FavoritesManager.swift in Sources */ = {isa = PBXBuildFile; fileRef = 0245AECE2F0009AF009AD812 /* FavoritesManager.swift */; };
		0245AEE42F0009AF009AD812 /* ProfileViewModel.swift in Sources */ = {isa = PBXBuildFile; fileRef = 0245AEBD2F0009AF009AD812 /* ProfileViewModel.swift */; };
		0245AEE52F0009AF009AD812 /* ProfileEditView.swift in Sources */ = {isa = PBXBuildFile; fileRef = 0245AEB72F0009AF009AD812 /* ProfileEditView.swift */; };
		0245AEE62F0009AF009AD812 /* MyNFTView.swift in Sources */ = {isa = PBXBuildFile; fileRef = 0245AECA2F0009AF009AD812 /* MyNFTView.swift */; };
		0245AEE72F0009AF009AD812 /* FavNFTCell.swift in Sources */ = {isa = PBXBuildFile; fileRef = 0245AEC32F0009AF009AD812 /* FavNFTCell.swift */; };
		0245AEE82F0009AF009AD812 /* ProfileEditViewModel.swift in Sources */ = {isa = PBXBuildFile; fileRef = 0245AEB42F0009AF009AD812 /* ProfileEditViewModel.swift */; };
		0245AEE92F0009AF009AD812 /* ProfilePhotoView.swift in Sources */ = {isa = PBXBuildFile; fileRef = 0245AEB82F0009AF009AD812 /* ProfilePhotoView.swift */; };
		0245AEEA2F0009AF009AD812 /* NFTImageView.swift in Sources */ = {isa = PBXBuildFile; fileRef = 0245AECF2F0009AF009AD812 /* NFTImageView.swift */; };
		0245AEEB2F0009AF009AD812 /* AppStorageNftKeys.swift in Sources */ = {isa = PBXBuildFile; fileRef = 0245AED32F0009AF009AD812 /* AppStorageNftKeys.swift */; };
		0245AEEC2F0009AF009AD812 /* FavNFTEmptyView.swift in Sources */ = {isa = PBXBuildFile; fileRef = 0245AEC42F0009AF009AD812 /* FavNFTEmptyView.swift */; };
		125865A72EF7D9D7007E59B4 /* CatalogueCellView.swift in Sources */ = {isa = PBXBuildFile; fileRef = 125865992EF7D9D7007E59B4 /* CatalogueCellView.swift */; };
		125865A82EF7D9D7007E59B4 /* MockNftService.swift in Sources */ = {isa = PBXBuildFile; fileRef = 125865A32EF7D9D7007E59B4 /* MockNftService.swift */; };
		125865AA2EF7D9D7007E59B4 /* MockCatalogue.swift in Sources */ = {isa = PBXBuildFile; fileRef = 1258659A2EF7D9D7007E59B4 /* MockCatalogue.swift */; };
		125865AB2EF7D9D7007E59B4 /* CatalogueViewModel.swift in Sources */ = {isa = PBXBuildFile; fileRef = 1258659F2EF7D9D7007E59B4 /* CatalogueViewModel.swift */; };
		125865AC2EF7D9D7007E59B4 /* NftCellView.swift in Sources */ = {isa = PBXBuildFile; fileRef = 1258659C2EF7D9D7007E59B4 /* NftCellView.swift */; };
		125865AD2EF7D9D7007E59B4 /* CollectionViewModel.swift in Sources */ = {isa = PBXBuildFile; fileRef = 125865A22EF7D9D7007E59B4 /* CollectionViewModel.swift */; };
		125865AE2EF7D9D7007E59B4 /* CollectionView.swift in Sources */ = {isa = PBXBuildFile; fileRef = 125865A12EF7D9D7007E59B4 /* CollectionView.swift */; };
		125865AF2EF7D9D7007E59B4 /* ScreenState.swift in Sources */ = {isa = PBXBuildFile; fileRef = 125865A52EF7D9D7007E59B4 /* ScreenState.swift */; };
		125865B02EF7D9D7007E59B4 /* CatalogueView.swift in Sources */ = {isa = PBXBuildFile; fileRef = 1258659E2EF7D9D7007E59B4 /* CatalogueView.swift */; };
		125865B22EF7DA0D007E59B4 /* CollectionDTO.swift in Sources */ = {isa = PBXBuildFile; fileRef = 125865B12EF7DA0D007E59B4 /* CollectionDTO.swift */; };
		125865BD2EF7DA48007E59B4 /* CollectionsRequest.swift in Sources */ = {isa = PBXBuildFile; fileRef = 125865B82EF7DA48007E59B4 /* CollectionsRequest.swift */; };
		125865C02EF7DA48007E59B4 /* CollectionRequest.swift in Sources */ = {isa = PBXBuildFile; fileRef = 125865B72EF7DA48007E59B4 /* CollectionRequest.swift */; };
		ABC5E16C2C31F5AF002B4068 /* iOS_FakeNFT_ExtendedApp.swift in Sources */ = {isa = PBXBuildFile; fileRef = ABC5E16B2C31F5AF002B4068 /* iOS_FakeNFT_ExtendedApp.swift */; };
		ABC5E16E2C31F5AF002B4068 /* ContentView.swift in Sources */ = {isa = PBXBuildFile; fileRef = ABC5E16D2C31F5AF002B4068 /* ContentView.swift */; };
		ABC5E1702C31F5AF002B4068 /* Assets.xcassets in Resources */ = {isa = PBXBuildFile; fileRef = ABC5E16F2C31F5AF002B4068 /* Assets.xcassets */; };
		ABC5E1732C31F5AF002B4068 /* Preview Assets.xcassets in Resources */ = {isa = PBXBuildFile; fileRef = ABC5E1722C31F5AF002B4068 /* Preview Assets.xcassets */; };
		ABC5E17D2C31F5B0002B4068 /* iOS_FakeNFT_ExtendedTests.swift in Sources */ = {isa = PBXBuildFile; fileRef = ABC5E17C2C31F5B0002B4068 /* iOS_FakeNFT_ExtendedTests.swift */; };
		ABC5E1872C31F5B0002B4068 /* iOS_FakeNFT_ExtendedUITests.swift in Sources */ = {isa = PBXBuildFile; fileRef = ABC5E1862C31F5B0002B4068 /* iOS_FakeNFT_ExtendedUITests.swift */; };
		ABC5E19D2C31F6A6002B4068 /* NftStorage.swift in Sources */ = {isa = PBXBuildFile; fileRef = ABC5E19C2C31F6A6002B4068 /* NftStorage.swift */; };
		ABC5E1A12C31F6D7002B4068 /* Nft.swift in Sources */ = {isa = PBXBuildFile; fileRef = ABC5E1A02C31F6D7002B4068 /* Nft.swift */; };
		ABC5E1A42C31F800002B4068 /* NetworkClient.swift in Sources */ = {isa = PBXBuildFile; fileRef = ABC5E1A32C31F800002B4068 /* NetworkClient.swift */; };
		ABC5E1A62C31F815002B4068 /* NetworkRequest.swift in Sources */ = {isa = PBXBuildFile; fileRef = ABC5E1A52C31F815002B4068 /* NetworkRequest.swift */; };
		ABC5E1B02C31FB90002B4068 /* RequestConstants.swift in Sources */ = {isa = PBXBuildFile; fileRef = ABC5E1AF2C31FB90002B4068 /* RequestConstants.swift */; };
		ABC5E1B72C31FC70002B4068 /* ServicesAssembly.swift in Sources */ = {isa = PBXBuildFile; fileRef = ABC5E1B62C31FC70002B4068 /* ServicesAssembly.swift */; };
		ABC5E1B92C31FD51002B4068 /* TestCatalogView.swift in Sources */ = {isa = PBXBuildFile; fileRef = ABC5E1B82C31FD51002B4068 /* TestCatalogView.swift */; };
		ABC5E1CB2C3203FC002B4068 /* NftDetailCellModel.swift in Sources */ = {isa = PBXBuildFile; fileRef = ABC5E1CA2C3203FC002B4068 /* NftDetailCellModel.swift */; };
		ABC5E1CD2C32040C002B4068 /* NftImageCollectionViewCell.swift in Sources */ = {isa = PBXBuildFile; fileRef = ABC5E1CC2C32040C002B4068 /* NftImageCollectionViewCell.swift */; };
		ABC5E1CF2C32041D002B4068 /* NftDetailViewController.swift in Sources */ = {isa = PBXBuildFile; fileRef = ABC5E1CE2C32041D002B4068 /* NftDetailViewController.swift */; };
		ABC5E1D12C32042C002B4068 /* NftDetailPresenter.swift in Sources */ = {isa = PBXBuildFile; fileRef = ABC5E1D02C32042C002B4068 /* NftDetailPresenter.swift */; };
		ABC5E1D32C320438002B4068 /* NftDetailAssembly.swift in Sources */ = {isa = PBXBuildFile; fileRef = ABC5E1D22C320438002B4068 /* NftDetailAssembly.swift */; };
		ABC5E1D52C320446002B4068 /* NftDetailInput.swift in Sources */ = {isa = PBXBuildFile; fileRef = ABC5E1D42C320446002B4068 /* NftDetailInput.swift */; };
		ABC5E1D82C3204A9002B4068 /* Kingfisher in Frameworks */ = {isa = PBXBuildFile; productRef = ABC5E1D72C3204A9002B4068 /* Kingfisher */; };
		ABC5E1DB2C3204CE002B4068 /* UIView+Constraints.swift in Sources */ = {isa = PBXBuildFile; fileRef = ABC5E1DA2C3204CE002B4068 /* UIView+Constraints.swift */; };
		ABC5E1DD2C3204DC002B4068 /* CellsReusingUtils.swift in Sources */ = {isa = PBXBuildFile; fileRef = ABC5E1DC2C3204DC002B4068 /* CellsReusingUtils.swift */; };
		ABC5E1DF2C3204FB002B4068 /* LoadingView.swift in Sources */ = {isa = PBXBuildFile; fileRef = ABC5E1DE2C3204FB002B4068 /* LoadingView.swift */; };
		ABC5E1E22C320535002B4068 /* ProgressHUD in Frameworks */ = {isa = PBXBuildFile; productRef = ABC5E1E12C320535002B4068 /* ProgressHUD */; };
		ABC5E1E42C32055B002B4068 /* ErrorView.swift in Sources */ = {isa = PBXBuildFile; fileRef = ABC5E1E32C32055B002B4068 /* ErrorView.swift */; };
		ABC5E1E62C320585002B4068 /* LinePageControl.swift in Sources */ = {isa = PBXBuildFile; fileRef = ABC5E1E52C320585002B4068 /* LinePageControl.swift */; };
		ABC5E1E82C320610002B4068 /* NftDetailBridgeView.swift in Sources */ = {isa = PBXBuildFile; fileRef = ABC5E1E72C320610002B4068 /* NftDetailBridgeView.swift */; };
		D7A3BEEC2EF1E3F900946D66 /* WebKit.framework in Frameworks */ = {isa = PBXBuildFile; fileRef = D7A3BEEB2EF1E3F900946D66 /* WebKit.framework */; };
		D7AE28272EDF568300325B47 /* IconsView.swift in Sources */ = {isa = PBXBuildFile; fileRef = D7AE28262EDF568300325B47 /* IconsView.swift */; };
		D7AE28392EE0B00B00325B47 /* Profile.swift in Sources */ = {isa = PBXBuildFile; fileRef = D7AE28382EE0B00B00325B47 /* Profile.swift */; };
		D7AE283D2EE0B46F00325B47 /* User.swift in Sources */ = {isa = PBXBuildFile; fileRef = D7AE283C2EE0B46F00325B47 /* User.swift */; };
		D7AE28472EE0B72B00325B47 /* Order.swift in Sources */ = {isa = PBXBuildFile; fileRef = D7AE28462EE0B72B00325B47 /* Order.swift */; };
		D7AE28AD2EE191E300325B47 /* Launch Screen.storyboard in Resources */ = {isa = PBXBuildFile; fileRef = D7AE28AC2EE191E300325B47 /* Launch Screen.storyboard */; };
		D7FD8FC32EE8830C008F2A1B /* Localizable.xcstrings in Resources */ = {isa = PBXBuildFile; fileRef = D7FD8FC22EE8830C008F2A1B /* Localizable.xcstrings */; };
/* End PBXBuildFile section */

/* Begin PBXContainerItemProxy section */
		ABC5E1792C31F5B0002B4068 /* PBXContainerItemProxy */ = {
			isa = PBXContainerItemProxy;
			containerPortal = ABC5E1602C31F5AF002B4068 /* Project object */;
			proxyType = 1;
			remoteGlobalIDString = ABC5E1672C31F5AF002B4068;
			remoteInfo = "iOS-FakeNFT-Extended";
		};
		ABC5E1832C31F5B0002B4068 /* PBXContainerItemProxy */ = {
			isa = PBXContainerItemProxy;
			containerPortal = ABC5E1602C31F5AF002B4068 /* Project object */;
			proxyType = 1;
			remoteGlobalIDString = ABC5E1672C31F5AF002B4068;
			remoteInfo = "iOS-FakeNFT-Extended";
		};
/* End PBXContainerItemProxy section */

/* Begin PBXFileReference section */
		0245AEB22F0009AF009AD812 /* ProfileUpdateRequest.swift */ = {isa = PBXFileReference; lastKnownFileType = sourcecode.swift; path = ProfileUpdateRequest.swift; sourceTree = "<group>"; };
		0245AEB42F0009AF009AD812 /* ProfileEditViewModel.swift */ = {isa = PBXFileReference; lastKnownFileType = sourcecode.swift; path = ProfileEditViewModel.swift; sourceTree = "<group>"; };
		0245AEB62F0009AF009AD812 /* ProfileAutoGrowingTextEditor.swift */ = {isa = PBXFileReference; lastKnownFileType = sourcecode.swift; path = ProfileAutoGrowingTextEditor.swift; sourceTree = "<group>"; };
		0245AEB72F0009AF009AD812 /* ProfileEditView.swift */ = {isa = PBXFileReference; lastKnownFileType = sourcecode.swift; path = ProfileEditView.swift; sourceTree = "<group>"; };
		0245AEB82F0009AF009AD812 /* ProfilePhotoView.swift */ = {isa = PBXFileReference; lastKnownFileType = sourcecode.swift; path = ProfilePhotoView.swift; sourceTree = "<group>"; };
		0245AEBA2F0009AF009AD812 /* ExitAlert.swift */ = {isa = PBXFileReference; lastKnownFileType = sourcecode.swift; path = ExitAlert.swift; sourceTree = "<group>"; };
		0245AEBB2F0009AF009AD812 /* TextFieldAlert.swift */ = {isa = PBXFileReference; lastKnownFileType = sourcecode.swift; path = TextFieldAlert.swift; sourceTree = "<group>"; };
		0245AEBD2F0009AF009AD812 /* ProfileViewModel.swift */ = {isa = PBXFileReference; lastKnownFileType = sourcecode.swift; path = ProfileViewModel.swift; sourceTree = "<group>"; };
		0245AEBF2F0009AF009AD812 /* ProfileListRow.swift */ = {isa = PBXFileReference; lastKnownFileType = sourcecode.swift; path = ProfileListRow.swift; sourceTree = "<group>"; };
		0245AEC02F0009AF009AD812 /* ProfileView.swift */ = {isa = PBXFileReference; lastKnownFileType = sourcecode.swift; path = ProfileView.swift; sourceTree = "<group>"; };
		0245AEC32F0009AF009AD812 /* FavNFTCell.swift */ = {isa = PBXFileReference; lastKnownFileType = sourcecode.swift; path = FavNFTCell.swift; sourceTree = "<group>"; };
		0245AEC42F0009AF009AD812 /* FavNFTEmptyView.swift */ = {isa = PBXFileReference; lastKnownFileType = sourcecode.swift; path = FavNFTEmptyView.swift; sourceTree = "<group>"; };
		0245AEC52F0009AF009AD812 /* FavNFTView.swift */ = {isa = PBXFileReference; lastKnownFileType = sourcecode.swift; path = FavNFTView.swift; sourceTree = "<group>"; };
		0245AEC62F0009AF009AD812 /* FavNFTViewModel.swift */ = {isa = PBXFileReference; lastKnownFileType = sourcecode.swift; path = FavNFTViewModel.swift; sourceTree = "<group>"; };
		0245AEC82F0009AF009AD812 /* MyNFTCell.swift */ = {isa = PBXFileReference; lastKnownFileType = sourcecode.swift; path = MyNFTCell.swift; sourceTree = "<group>"; };
		0245AEC92F0009AF009AD812 /* MyNFTEmptyView.swift */ = {isa = PBXFileReference; lastKnownFileType = sourcecode.swift; path = MyNFTEmptyView.swift; sourceTree = "<group>"; };
		0245AECA2F0009AF009AD812 /* MyNFTView.swift */ = {isa = PBXFileReference; lastKnownFileType = sourcecode.swift; path = MyNFTView.swift; sourceTree = "<group>"; };
		0245AECB2F0009AF009AD812 /* MyNFTViewModel.swift */ = {isa = PBXFileReference; lastKnownFileType = sourcecode.swift; path = MyNFTViewModel.swift; sourceTree = "<group>"; };
		0245AECC2F0009AF009AD812 /* NftSortType.swift */ = {isa = PBXFileReference; lastKnownFileType = sourcecode.swift; path = NftSortType.swift; sourceTree = "<group>"; };
		0245AECE2F0009AF009AD812 /* FavoritesManager.swift */ = {isa = PBXFileReference; lastKnownFileType = sourcecode.swift; path = FavoritesManager.swift; sourceTree = "<group>"; };
		0245AECF2F0009AF009AD812 /* NFTImageView.swift */ = {isa = PBXFileReference; lastKnownFileType = sourcecode.swift; path = NFTImageView.swift; sourceTree = "<group>"; };
		0245AED02F0009AF009AD812 /* NFTRatingView.swift */ = {isa = PBXFileReference; lastKnownFileType = sourcecode.swift; path = NFTRatingView.swift; sourceTree = "<group>"; };
		0245AED12F0009AF009AD812 /* NFTScreenState.swift */ = {isa = PBXFileReference; lastKnownFileType = sourcecode.swift; path = NFTScreenState.swift; sourceTree = "<group>"; };
		0245AED32F0009AF009AD812 /* AppStorageNftKeys.swift */ = {isa = PBXFileReference; lastKnownFileType = sourcecode.swift; path = AppStorageNftKeys.swift; sourceTree = "<group>"; };
		125865992EF7D9D7007E59B4 /* CatalogueCellView.swift */ = {isa = PBXFileReference; lastKnownFileType = sourcecode.swift; path = CatalogueCellView.swift; sourceTree = "<group>"; };
		1258659A2EF7D9D7007E59B4 /* MockCatalogue.swift */ = {isa = PBXFileReference; lastKnownFileType = sourcecode.swift; path = MockCatalogue.swift; sourceTree = "<group>"; };
		1258659C2EF7D9D7007E59B4 /* NftCellView.swift */ = {isa = PBXFileReference; lastKnownFileType = sourcecode.swift; path = NftCellView.swift; sourceTree = "<group>"; };
		1258659E2EF7D9D7007E59B4 /* CatalogueView.swift */ = {isa = PBXFileReference; lastKnownFileType = sourcecode.swift; path = CatalogueView.swift; sourceTree = "<group>"; };
		1258659F2EF7D9D7007E59B4 /* CatalogueViewModel.swift */ = {isa = PBXFileReference; lastKnownFileType = sourcecode.swift; path = CatalogueViewModel.swift; sourceTree = "<group>"; };
		125865A12EF7D9D7007E59B4 /* CollectionView.swift */ = {isa = PBXFileReference; lastKnownFileType = sourcecode.swift; path = CollectionView.swift; sourceTree = "<group>"; };
		125865A22EF7D9D7007E59B4 /* CollectionViewModel.swift */ = {isa = PBXFileReference; lastKnownFileType = sourcecode.swift; path = CollectionViewModel.swift; sourceTree = "<group>"; };
		125865A32EF7D9D7007E59B4 /* MockNftService.swift */ = {isa = PBXFileReference; lastKnownFileType = sourcecode.swift; path = MockNftService.swift; sourceTree = "<group>"; };
		125865A52EF7D9D7007E59B4 /* ScreenState.swift */ = {isa = PBXFileReference; lastKnownFileType = sourcecode.swift; path = ScreenState.swift; sourceTree = "<group>"; };
		125865B12EF7DA0D007E59B4 /* CollectionDTO.swift */ = {isa = PBXFileReference; lastKnownFileType = sourcecode.swift; path = CollectionDTO.swift; sourceTree = "<group>"; };
		125865B72EF7DA48007E59B4 /* CollectionRequest.swift */ = {isa = PBXFileReference; lastKnownFileType = sourcecode.swift; path = CollectionRequest.swift; sourceTree = "<group>"; };
		125865B82EF7DA48007E59B4 /* CollectionsRequest.swift */ = {isa = PBXFileReference; lastKnownFileType = sourcecode.swift; path = CollectionsRequest.swift; sourceTree = "<group>"; };
		ABC5E1682C31F5AF002B4068 /* iOS-FakeNFT-Extended.app */ = {isa = PBXFileReference; explicitFileType = wrapper.application; includeInIndex = 0; path = "iOS-FakeNFT-Extended.app"; sourceTree = BUILT_PRODUCTS_DIR; };
		ABC5E16B2C31F5AF002B4068 /* iOS_FakeNFT_ExtendedApp.swift */ = {isa = PBXFileReference; lastKnownFileType = sourcecode.swift; path = iOS_FakeNFT_ExtendedApp.swift; sourceTree = "<group>"; };
		ABC5E16D2C31F5AF002B4068 /* ContentView.swift */ = {isa = PBXFileReference; lastKnownFileType = sourcecode.swift; path = ContentView.swift; sourceTree = "<group>"; };
		ABC5E16F2C31F5AF002B4068 /* Assets.xcassets */ = {isa = PBXFileReference; lastKnownFileType = folder.assetcatalog; path = Assets.xcassets; sourceTree = "<group>"; };
		ABC5E1722C31F5AF002B4068 /* Preview Assets.xcassets */ = {isa = PBXFileReference; lastKnownFileType = folder.assetcatalog; path = "Preview Assets.xcassets"; sourceTree = "<group>"; };
		ABC5E1782C31F5B0002B4068 /* iOS-FakeNFT-ExtendedTests.xctest */ = {isa = PBXFileReference; explicitFileType = wrapper.cfbundle; includeInIndex = 0; path = "iOS-FakeNFT-ExtendedTests.xctest"; sourceTree = BUILT_PRODUCTS_DIR; };
		ABC5E17C2C31F5B0002B4068 /* iOS_FakeNFT_ExtendedTests.swift */ = {isa = PBXFileReference; lastKnownFileType = sourcecode.swift; path = iOS_FakeNFT_ExtendedTests.swift; sourceTree = "<group>"; };
		ABC5E1822C31F5B0002B4068 /* iOS-FakeNFT-ExtendedUITests.xctest */ = {isa = PBXFileReference; explicitFileType = wrapper.cfbundle; includeInIndex = 0; path = "iOS-FakeNFT-ExtendedUITests.xctest"; sourceTree = BUILT_PRODUCTS_DIR; };
		ABC5E1862C31F5B0002B4068 /* iOS_FakeNFT_ExtendedUITests.swift */ = {isa = PBXFileReference; lastKnownFileType = sourcecode.swift; path = iOS_FakeNFT_ExtendedUITests.swift; sourceTree = "<group>"; };
		ABC5E19C2C31F6A6002B4068 /* NftStorage.swift */ = {isa = PBXFileReference; lastKnownFileType = sourcecode.swift; path = NftStorage.swift; sourceTree = "<group>"; };
		ABC5E1A02C31F6D7002B4068 /* Nft.swift */ = {isa = PBXFileReference; lastKnownFileType = sourcecode.swift; path = Nft.swift; sourceTree = "<group>"; };
		ABC5E1A32C31F800002B4068 /* NetworkClient.swift */ = {isa = PBXFileReference; lastKnownFileType = sourcecode.swift; path = NetworkClient.swift; sourceTree = "<group>"; };
		ABC5E1A52C31F815002B4068 /* NetworkRequest.swift */ = {isa = PBXFileReference; lastKnownFileType = sourcecode.swift; path = NetworkRequest.swift; sourceTree = "<group>"; };
		ABC5E1AF2C31FB90002B4068 /* RequestConstants.swift */ = {isa = PBXFileReference; lastKnownFileType = sourcecode.swift; path = RequestConstants.swift; sourceTree = "<group>"; };
		ABC5E1B62C31FC70002B4068 /* ServicesAssembly.swift */ = {isa = PBXFileReference; lastKnownFileType = sourcecode.swift; path = ServicesAssembly.swift; sourceTree = "<group>"; };
		ABC5E1B82C31FD51002B4068 /* TestCatalogView.swift */ = {isa = PBXFileReference; lastKnownFileType = sourcecode.swift; path = TestCatalogView.swift; sourceTree = "<group>"; };
		ABC5E1CA2C3203FC002B4068 /* NftDetailCellModel.swift */ = {isa = PBXFileReference; lastKnownFileType = sourcecode.swift; path = NftDetailCellModel.swift; sourceTree = "<group>"; };
		ABC5E1CC2C32040C002B4068 /* NftImageCollectionViewCell.swift */ = {isa = PBXFileReference; lastKnownFileType = sourcecode.swift; path = NftImageCollectionViewCell.swift; sourceTree = "<group>"; };
		ABC5E1CE2C32041D002B4068 /* NftDetailViewController.swift */ = {isa = PBXFileReference; lastKnownFileType = sourcecode.swift; path = NftDetailViewController.swift; sourceTree = "<group>"; };
		ABC5E1D02C32042C002B4068 /* NftDetailPresenter.swift */ = {isa = PBXFileReference; lastKnownFileType = sourcecode.swift; path = NftDetailPresenter.swift; sourceTree = "<group>"; };
		ABC5E1D22C320438002B4068 /* NftDetailAssembly.swift */ = {isa = PBXFileReference; lastKnownFileType = sourcecode.swift; path = NftDetailAssembly.swift; sourceTree = "<group>"; };
		ABC5E1D42C320446002B4068 /* NftDetailInput.swift */ = {isa = PBXFileReference; lastKnownFileType = sourcecode.swift; path = NftDetailInput.swift; sourceTree = "<group>"; };
		ABC5E1DA2C3204CE002B4068 /* UIView+Constraints.swift */ = {isa = PBXFileReference; lastKnownFileType = sourcecode.swift; path = "UIView+Constraints.swift"; sourceTree = "<group>"; };
		ABC5E1DC2C3204DC002B4068 /* CellsReusingUtils.swift */ = {isa = PBXFileReference; lastKnownFileType = sourcecode.swift; path = CellsReusingUtils.swift; sourceTree = "<group>"; };
		ABC5E1DE2C3204FB002B4068 /* LoadingView.swift */ = {isa = PBXFileReference; lastKnownFileType = sourcecode.swift; path = LoadingView.swift; sourceTree = "<group>"; };
		ABC5E1E32C32055B002B4068 /* ErrorView.swift */ = {isa = PBXFileReference; lastKnownFileType = sourcecode.swift; path = ErrorView.swift; sourceTree = "<group>"; };
		ABC5E1E52C320585002B4068 /* LinePageControl.swift */ = {isa = PBXFileReference; lastKnownFileType = sourcecode.swift; path = LinePageControl.swift; sourceTree = "<group>"; };
		ABC5E1E72C320610002B4068 /* NftDetailBridgeView.swift */ = {isa = PBXFileReference; lastKnownFileType = sourcecode.swift; path = NftDetailBridgeView.swift; sourceTree = "<group>"; };
		D7A3BEEB2EF1E3F900946D66 /* WebKit.framework */ = {isa = PBXFileReference; lastKnownFileType = wrapper.framework; name = WebKit.framework; path = System/Library/Frameworks/WebKit.framework; sourceTree = SDKROOT; };
		D7AE28262EDF568300325B47 /* IconsView.swift */ = {isa = PBXFileReference; lastKnownFileType = sourcecode.swift; path = IconsView.swift; sourceTree = "<group>"; };
		D7AE28382EE0B00B00325B47 /* Profile.swift */ = {isa = PBXFileReference; lastKnownFileType = sourcecode.swift; path = Profile.swift; sourceTree = "<group>"; };
		D7AE283C2EE0B46F00325B47 /* User.swift */ = {isa = PBXFileReference; lastKnownFileType = sourcecode.swift; path = User.swift; sourceTree = "<group>"; };
		D7AE28462EE0B72B00325B47 /* Order.swift */ = {isa = PBXFileReference; lastKnownFileType = sourcecode.swift; path = Order.swift; sourceTree = "<group>"; };
		D7AE28AC2EE191E300325B47 /* Launch Screen.storyboard */ = {isa = PBXFileReference; lastKnownFileType = file.storyboard; path = "Launch Screen.storyboard"; sourceTree = "<group>"; };
		D7FD8FC22EE8830C008F2A1B /* Localizable.xcstrings */ = {isa = PBXFileReference; lastKnownFileType = text.json.xcstrings; path = Localizable.xcstrings; sourceTree = "<group>"; };
/* End PBXFileReference section */

/* Begin PBXFileSystemSynchronizedRootGroup section */
		125865D92EF7DB42007E59B4 /* Catalogue */ = {isa = PBXFileSystemSynchronizedRootGroup; explicitFileTypes = {}; explicitFolders = (); path = Catalogue; sourceTree = "<group>"; };
		D73EF16E2EEC8CD700840749 /* PropertyWrappers */ = {isa = PBXFileSystemSynchronizedRootGroup; explicitFileTypes = {}; explicitFolders = (); path = PropertyWrappers; sourceTree = "<group>"; };
		D7A3BEE52EF1E3D600946D66 /* Common */ = {isa = PBXFileSystemSynchronizedRootGroup; explicitFileTypes = {}; explicitFolders = (); path = Common; sourceTree = "<group>"; };
		D7AE28302EE09D5A00325B47 /* Nft */ = {isa = PBXFileSystemSynchronizedRootGroup; explicitFileTypes = {}; explicitFolders = (); path = Nft; sourceTree = "<group>"; };
		D7AE28322EE09D9000325B47 /* Users */ = {isa = PBXFileSystemSynchronizedRootGroup; explicitFileTypes = {}; explicitFolders = (); path = Users; sourceTree = "<group>"; };
		D7AE28332EE09D9700325B47 /* Profile */ = {isa = PBXFileSystemSynchronizedRootGroup; explicitFileTypes = {}; explicitFolders = (); path = Profile; sourceTree = "<group>"; };
		D7AE28422EE0B56B00325B47 /* OrderAndPayment */ = {isa = PBXFileSystemSynchronizedRootGroup; explicitFileTypes = {}; explicitFolders = (); path = OrderAndPayment; sourceTree = "<group>"; };
		D7AE29362EE1F92C00325B47 /* Statistics */ = {isa = PBXFileSystemSynchronizedRootGroup; explicitFileTypes = {}; explicitFolders = (); path = Statistics; sourceTree = "<group>"; };
		D7AE296D2EE31B6800325B47 /* Components */ = {isa = PBXFileSystemSynchronizedRootGroup; explicitFileTypes = {}; explicitFolders = (); path = Components; sourceTree = "<group>"; };
		D7EA16DF2EEB27FE00A2DDBB /* Navigation */ = {isa = PBXFileSystemSynchronizedRootGroup; explicitFileTypes = {}; explicitFolders = (); path = Navigation; sourceTree = "<group>"; };
/* End PBXFileSystemSynchronizedRootGroup section */

/* Begin PBXFrameworksBuildPhase section */
		ABC5E1652C31F5AF002B4068 /* Frameworks */ = {
			isa = PBXFrameworksBuildPhase;
			buildActionMask = 2147483647;
			files = (
				ABC5E1D82C3204A9002B4068 /* Kingfisher in Frameworks */,
				ABC5E1E22C320535002B4068 /* ProgressHUD in Frameworks */,
				D7A3BEEC2EF1E3F900946D66 /* WebKit.framework in Frameworks */,
			);
			runOnlyForDeploymentPostprocessing = 0;
		};
		ABC5E1752C31F5B0002B4068 /* Frameworks */ = {
			isa = PBXFrameworksBuildPhase;
			buildActionMask = 2147483647;
			files = (
			);
			runOnlyForDeploymentPostprocessing = 0;
		};
		ABC5E17F2C31F5B0002B4068 /* Frameworks */ = {
			isa = PBXFrameworksBuildPhase;
			buildActionMask = 2147483647;
			files = (
			);
			runOnlyForDeploymentPostprocessing = 0;
		};
/* End PBXFrameworksBuildPhase section */

/* Begin PBXGroup section */
		0245AEB32F0009AF009AD812 /* Models */ = {
			isa = PBXGroup;
			children = (
				0245AEB22F0009AF009AD812 /* ProfileUpdateRequest.swift */,
			);
			path = Models;
			sourceTree = "<group>";
		};
		0245AEB52F0009AF009AD812 /* ViewModel */ = {
			isa = PBXGroup;
			children = (
				0245AEB42F0009AF009AD812 /* ProfileEditViewModel.swift */,
			);
			path = ViewModel;
			sourceTree = "<group>";
		};
		0245AEB92F0009AF009AD812 /* Views */ = {
			isa = PBXGroup;
			children = (
				0245AEB62F0009AF009AD812 /* ProfileAutoGrowingTextEditor.swift */,
				0245AEB72F0009AF009AD812 /* ProfileEditView.swift */,
				0245AEB82F0009AF009AD812 /* ProfilePhotoView.swift */,
			);
			path = Views;
			sourceTree = "<group>";
		};
		0245AEBC2F0009AF009AD812 /* ProfileEditor */ = {
			isa = PBXGroup;
			children = (
				0245AEB32F0009AF009AD812 /* Models */,
				0245AEB52F0009AF009AD812 /* ViewModel */,
				0245AEB92F0009AF009AD812 /* Views */,
				0245AEBA2F0009AF009AD812 /* ExitAlert.swift */,
				0245AEBB2F0009AF009AD812 /* TextFieldAlert.swift */,
			);
			path = ProfileEditor;
			sourceTree = "<group>";
		};
		0245AEBE2F0009AF009AD812 /* ViewModel */ = {
			isa = PBXGroup;
			children = (
				0245AEBD2F0009AF009AD812 /* ProfileViewModel.swift */,
			);
			path = ViewModel;
			sourceTree = "<group>";
		};
		0245AEC12F0009AF009AD812 /* Views */ = {
			isa = PBXGroup;
			children = (
				0245AEBF2F0009AF009AD812 /* ProfileListRow.swift */,
				0245AEC02F0009AF009AD812 /* ProfileView.swift */,
			);
			path = Views;
			sourceTree = "<group>";
		};
		0245AEC22F0009AF009AD812 /* ProfileMain */ = {
			isa = PBXGroup;
			children = (
				0245AEBE2F0009AF009AD812 /* ViewModel */,
				0245AEC12F0009AF009AD812 /* Views */,
			);
			path = ProfileMain;
			sourceTree = "<group>";
		};
		0245AEC72F0009AF009AD812 /* FavoriteNFT */ = {
			isa = PBXGroup;
			children = (
				0245AEC32F0009AF009AD812 /* FavNFTCell.swift */,
				0245AEC42F0009AF009AD812 /* FavNFTEmptyView.swift */,
				0245AEC52F0009AF009AD812 /* FavNFTView.swift */,
				0245AEC62F0009AF009AD812 /* FavNFTViewModel.swift */,
			);
			path = FavoriteNFT;
			sourceTree = "<group>";
		};
		0245AECD2F0009AF009AD812 /* MyNFT */ = {
			isa = PBXGroup;
			children = (
				0245AEC82F0009AF009AD812 /* MyNFTCell.swift */,
				0245AEC92F0009AF009AD812 /* MyNFTEmptyView.swift */,
				0245AECA2F0009AF009AD812 /* MyNFTView.swift */,
				0245AECB2F0009AF009AD812 /* MyNFTViewModel.swift */,
				0245AECC2F0009AF009AD812 /* NftSortType.swift */,
			);
			path = MyNFT;
			sourceTree = "<group>";
		};
		0245AED22F0009AF009AD812 /* ProfileNFT */ = {
			isa = PBXGroup;
			children = (
				0245AEC72F0009AF009AD812 /* FavoriteNFT */,
				0245AECD2F0009AF009AD812 /* MyNFT */,
				0245AECE2F0009AF009AD812 /* FavoritesManager.swift */,
				0245AECF2F0009AF009AD812 /* NFTImageView.swift */,
				0245AED02F0009AF009AD812 /* NFTRatingView.swift */,
				0245AED12F0009AF009AD812 /* NFTScreenState.swift */,
			);
			path = ProfileNFT;
			sourceTree = "<group>";
		};
		0245AED42F0009AF009AD812 /* Profile */ = {
			isa = PBXGroup;
			children = (
				0245AEBC2F0009AF009AD812 /* ProfileEditor */,
				0245AEC22F0009AF009AD812 /* ProfileMain */,
				0245AED22F0009AF009AD812 /* ProfileNFT */,
				0245AED32F0009AF009AD812 /* AppStorageNftKeys.swift */,
			);
			path = Profile;
			sourceTree = "<group>";
		};
		1258659D2EF7D9D7007E59B4 /* CatalogueElements */ = {
			isa = PBXGroup;
			children = (
				125865992EF7D9D7007E59B4 /* CatalogueCellView.swift */,
				1258659A2EF7D9D7007E59B4 /* MockCatalogue.swift */,
				1258659C2EF7D9D7007E59B4 /* NftCellView.swift */,
			);
			path = CatalogueElements;
			sourceTree = "<group>";
		};
		125865A02EF7D9D7007E59B4 /* CatalogueScreen */ = {
			isa = PBXGroup;
			children = (
				1258659E2EF7D9D7007E59B4 /* CatalogueView.swift */,
				1258659F2EF7D9D7007E59B4 /* CatalogueViewModel.swift */,
			);
			path = CatalogueScreen;
			sourceTree = "<group>";
		};
		125865A42EF7D9D7007E59B4 /* CollectionScreen */ = {
			isa = PBXGroup;
			children = (
				125865A12EF7D9D7007E59B4 /* CollectionView.swift */,
				125865A22EF7D9D7007E59B4 /* CollectionViewModel.swift */,
				125865A32EF7D9D7007E59B4 /* MockNftService.swift */,
			);
			path = CollectionScreen;
			sourceTree = "<group>";
		};
		125865A62EF7D9D7007E59B4 /* Catalogue */ = {
			isa = PBXGroup;
			children = (
				1258659D2EF7D9D7007E59B4 /* CatalogueElements */,
				125865A02EF7D9D7007E59B4 /* CatalogueScreen */,
				125865A42EF7D9D7007E59B4 /* CollectionScreen */,
				125865A52EF7D9D7007E59B4 /* ScreenState.swift */,
			);
			path = Catalogue;
			sourceTree = "<group>";
		};
		125865BA2EF7DA48007E59B4 /* Requests */ = {
			isa = PBXGroup;
			children = (
				125865B72EF7DA48007E59B4 /* CollectionRequest.swift */,
				125865B82EF7DA48007E59B4 /* CollectionsRequest.swift */,
			);
			path = Requests;
			sourceTree = "<group>";
		};
		ABC5E15F2C31F5AF002B4068 = {
			isa = PBXGroup;
			children = (
				ABC5E16A2C31F5AF002B4068 /* iOS-FakeNFT-Extended */,
				ABC5E17B2C31F5B0002B4068 /* iOS-FakeNFT-ExtendedTests */,
				ABC5E1852C31F5B0002B4068 /* iOS-FakeNFT-ExtendedUITests */,
				D7A3BEEA2EF1E3F800946D66 /* Frameworks */,
				ABC5E1692C31F5AF002B4068 /* Products */,
			);
			sourceTree = "<group>";
		};
		ABC5E1692C31F5AF002B4068 /* Products */ = {
			isa = PBXGroup;
			children = (
				ABC5E1682C31F5AF002B4068 /* iOS-FakeNFT-Extended.app */,
				ABC5E1782C31F5B0002B4068 /* iOS-FakeNFT-ExtendedTests.xctest */,
				ABC5E1822C31F5B0002B4068 /* iOS-FakeNFT-ExtendedUITests.xctest */,
			);
			name = Products;
			sourceTree = "<group>";
		};
		ABC5E16A2C31F5AF002B4068 /* iOS-FakeNFT-Extended */ = {
			isa = PBXGroup;
			children = (
				ABC5E16B2C31F5AF002B4068 /* iOS_FakeNFT_ExtendedApp.swift */,
				D7FD8FC22EE8830C008F2A1B /* Localizable.xcstrings */,
				ABC5E19A2C31F687002B4068 /* Foundation */,
				ABC5E19E2C31F6C1002B4068 /* Models */,
				ABC5E1A92C31FABA002B4068 /* Services */,
				ABC5E1B32C31FC03002B4068 /* UI */,
				ABC5E16F2C31F5AF002B4068 /* Assets.xcassets */,
				ABC5E1712C31F5AF002B4068 /* Preview Content */,
			);
			path = "iOS-FakeNFT-Extended";
			sourceTree = "<group>";
		};
		ABC5E1712C31F5AF002B4068 /* Preview Content */ = {
			isa = PBXGroup;
			children = (
				ABC5E1722C31F5AF002B4068 /* Preview Assets.xcassets */,
			);
			path = "Preview Content";
			sourceTree = "<group>";
		};
		ABC5E17B2C31F5B0002B4068 /* iOS-FakeNFT-ExtendedTests */ = {
			isa = PBXGroup;
			children = (
				ABC5E17C2C31F5B0002B4068 /* iOS_FakeNFT_ExtendedTests.swift */,
			);
			path = "iOS-FakeNFT-ExtendedTests";
			sourceTree = "<group>";
		};
		ABC5E1852C31F5B0002B4068 /* iOS-FakeNFT-ExtendedUITests */ = {
			isa = PBXGroup;
			children = (
				ABC5E1862C31F5B0002B4068 /* iOS_FakeNFT_ExtendedUITests.swift */,
			);
			path = "iOS-FakeNFT-ExtendedUITests";
			sourceTree = "<group>";
		};
		ABC5E19A2C31F687002B4068 /* Foundation */ = {
			isa = PBXGroup;
			children = (
				D73EF16E2EEC8CD700840749 /* PropertyWrappers */,
				ABC5E19B2C31F69C002B4068 /* MemoryStorage */,
				ABC5E1A22C31F7E8002B4068 /* NetworkClient */,
			);
			path = Foundation;
			sourceTree = "<group>";
		};
		ABC5E19B2C31F69C002B4068 /* MemoryStorage */ = {
			isa = PBXGroup;
			children = (
				ABC5E19C2C31F6A6002B4068 /* NftStorage.swift */,
			);
			path = MemoryStorage;
			sourceTree = "<group>";
		};
		ABC5E19E2C31F6C1002B4068 /* Models */ = {
			isa = PBXGroup;
			children = (
				ABC5E19F2C31F6CB002B4068 /* Network */,
			);
			path = Models;
			sourceTree = "<group>";
		};
		ABC5E19F2C31F6CB002B4068 /* Network */ = {
			isa = PBXGroup;
			children = (
				125865B12EF7DA0D007E59B4 /* CollectionDTO.swift */,
				D7AE28382EE0B00B00325B47 /* Profile.swift */,
				D7AE28462EE0B72B00325B47 /* Order.swift */,
				D7AE283C2EE0B46F00325B47 /* User.swift */,
				ABC5E1A02C31F6D7002B4068 /* Nft.swift */,
			);
			path = Network;
			sourceTree = "<group>";
		};
		ABC5E1A22C31F7E8002B4068 /* NetworkClient */ = {
			isa = PBXGroup;
			children = (
				ABC5E1A32C31F800002B4068 /* NetworkClient.swift */,
				ABC5E1A52C31F815002B4068 /* NetworkRequest.swift */,
			);
			path = NetworkClient;
			sourceTree = "<group>";
		};
		ABC5E1A92C31FABA002B4068 /* Services */ = {
			isa = PBXGroup;
			children = (
				125865D92EF7DB42007E59B4 /* Catalogue */,
				D7AE28422EE0B56B00325B47 /* OrderAndPayment */,
				D7AE28332EE09D9700325B47 /* Profile */,
				D7AE28322EE09D9000325B47 /* Users */,
				D7AE28302EE09D5A00325B47 /* Nft */,
				125865BA2EF7DA48007E59B4 /* Requests */,
				ABC5E1B62C31FC70002B4068 /* ServicesAssembly.swift */,
				ABC5E1AF2C31FB90002B4068 /* RequestConstants.swift */,
			);
			path = Services;
			sourceTree = "<group>";
		};
		ABC5E1B32C31FC03002B4068 /* UI */ = {
			isa = PBXGroup;
			children = (
				0245AED42F0009AF009AD812 /* Profile */,
				125865A62EF7D9D7007E59B4 /* Catalogue */,
				D7A3BEE52EF1E3D600946D66 /* Common */,
				D7AE296D2EE31B6800325B47 /* Components */,
				D7AE29362EE1F92C00325B47 /* Statistics */,
				D7EA16DF2EEB27FE00A2DDBB /* Navigation */,
				ABC5E16D2C31F5AF002B4068 /* ContentView.swift */,
				ABC5E1B82C31FD51002B4068 /* TestCatalogView.swift */,
				ABC5E1E72C320610002B4068 /* NftDetailBridgeView.swift */,
				ABC5E1C82C3203E9002B4068 /* NftDetails */,
				D7AE28262EDF568300325B47 /* IconsView.swift */,
				D7AE28AC2EE191E300325B47 /* Launch Screen.storyboard */,
			);
			path = UI;
			sourceTree = "<group>";
		};
		ABC5E1C82C3203E9002B4068 /* NftDetails */ = {
			isa = PBXGroup;
			children = (
				ABC5E1D92C3204C7002B4068 /* Common */,
				ABC5E1C92C3203F2002B4068 /* Cell */,
				ABC5E1CE2C32041D002B4068 /* NftDetailViewController.swift */,
				ABC5E1D02C32042C002B4068 /* NftDetailPresenter.swift */,
				ABC5E1D22C320438002B4068 /* NftDetailAssembly.swift */,
				ABC5E1D42C320446002B4068 /* NftDetailInput.swift */,
			);
			path = NftDetails;
			sourceTree = "<group>";
		};
		ABC5E1C92C3203F2002B4068 /* Cell */ = {
			isa = PBXGroup;
			children = (
				ABC5E1CA2C3203FC002B4068 /* NftDetailCellModel.swift */,
				ABC5E1CC2C32040C002B4068 /* NftImageCollectionViewCell.swift */,
			);
			path = Cell;
			sourceTree = "<group>";
		};
		ABC5E1D92C3204C7002B4068 /* Common */ = {
			isa = PBXGroup;
			children = (
				ABC5E1DA2C3204CE002B4068 /* UIView+Constraints.swift */,
				ABC5E1DC2C3204DC002B4068 /* CellsReusingUtils.swift */,
				ABC5E1DE2C3204FB002B4068 /* LoadingView.swift */,
				ABC5E1E32C32055B002B4068 /* ErrorView.swift */,
				ABC5E1E52C320585002B4068 /* LinePageControl.swift */,
			);
			path = Common;
			sourceTree = "<group>";
		};
		D7A3BEEA2EF1E3F800946D66 /* Frameworks */ = {
			isa = PBXGroup;
			children = (
				D7A3BEEB2EF1E3F900946D66 /* WebKit.framework */,
			);
			name = Frameworks;
			sourceTree = "<group>";
		};
/* End PBXGroup section */

/* Begin PBXNativeTarget section */
		ABC5E1672C31F5AF002B4068 /* iOS-FakeNFT-Extended */ = {
			isa = PBXNativeTarget;
			buildConfigurationList = ABC5E18C2C31F5B0002B4068 /* Build configuration list for PBXNativeTarget "iOS-FakeNFT-Extended" */;
			buildPhases = (
				ABC5E1642C31F5AF002B4068 /* Sources */,
				ABC5E1652C31F5AF002B4068 /* Frameworks */,
				ABC5E1662C31F5AF002B4068 /* Resources */,
			);
			buildRules = (
			);
			dependencies = (
			);
			fileSystemSynchronizedGroups = (
				125865D92EF7DB42007E59B4 /* Catalogue */,
				D73EF16E2EEC8CD700840749 /* PropertyWrappers */,
				D7A3BEE52EF1E3D600946D66 /* Common */,
				D7AE28302EE09D5A00325B47 /* Nft */,
				D7AE28322EE09D9000325B47 /* Users */,
				D7AE28332EE09D9700325B47 /* Profile */,
				D7AE28422EE0B56B00325B47 /* OrderAndPayment */,
				D7AE29362EE1F92C00325B47 /* Statistics */,
				D7AE296D2EE31B6800325B47 /* Components */,
				D7EA16DF2EEB27FE00A2DDBB /* Navigation */,
			);
			name = "iOS-FakeNFT-Extended";
			packageProductDependencies = (
				ABC5E1D72C3204A9002B4068 /* Kingfisher */,
				ABC5E1E12C320535002B4068 /* ProgressHUD */,
			);
			productName = "iOS-FakeNFT-Extended";
			productReference = ABC5E1682C31F5AF002B4068 /* iOS-FakeNFT-Extended.app */;
			productType = "com.apple.product-type.application";
		};
		ABC5E1772C31F5B0002B4068 /* iOS-FakeNFT-ExtendedTests */ = {
			isa = PBXNativeTarget;
			buildConfigurationList = ABC5E18F2C31F5B0002B4068 /* Build configuration list for PBXNativeTarget "iOS-FakeNFT-ExtendedTests" */;
			buildPhases = (
				ABC5E1742C31F5B0002B4068 /* Sources */,
				ABC5E1752C31F5B0002B4068 /* Frameworks */,
				ABC5E1762C31F5B0002B4068 /* Resources */,
			);
			buildRules = (
			);
			dependencies = (
				ABC5E17A2C31F5B0002B4068 /* PBXTargetDependency */,
			);
			name = "iOS-FakeNFT-ExtendedTests";
			productName = "iOS-FakeNFT-ExtendedTests";
			productReference = ABC5E1782C31F5B0002B4068 /* iOS-FakeNFT-ExtendedTests.xctest */;
			productType = "com.apple.product-type.bundle.unit-test";
		};
		ABC5E1812C31F5B0002B4068 /* iOS-FakeNFT-ExtendedUITests */ = {
			isa = PBXNativeTarget;
			buildConfigurationList = ABC5E1922C31F5B0002B4068 /* Build configuration list for PBXNativeTarget "iOS-FakeNFT-ExtendedUITests" */;
			buildPhases = (
				ABC5E17E2C31F5B0002B4068 /* Sources */,
				ABC5E17F2C31F5B0002B4068 /* Frameworks */,
				ABC5E1802C31F5B0002B4068 /* Resources */,
			);
			buildRules = (
			);
			dependencies = (
				ABC5E1842C31F5B0002B4068 /* PBXTargetDependency */,
			);
			name = "iOS-FakeNFT-ExtendedUITests";
			productName = "iOS-FakeNFT-ExtendedUITests";
			productReference = ABC5E1822C31F5B0002B4068 /* iOS-FakeNFT-ExtendedUITests.xctest */;
			productType = "com.apple.product-type.bundle.ui-testing";
		};
/* End PBXNativeTarget section */

/* Begin PBXProject section */
		ABC5E1602C31F5AF002B4068 /* Project object */ = {
			isa = PBXProject;
			attributes = {
				BuildIndependentTargetsInParallel = 1;
				LastSwiftUpdateCheck = 1530;
				LastUpgradeCheck = 2610;
				TargetAttributes = {
					ABC5E1672C31F5AF002B4068 = {
						CreatedOnToolsVersion = 15.3;
					};
					ABC5E1772C31F5B0002B4068 = {
						CreatedOnToolsVersion = 15.3;
						TestTargetID = ABC5E1672C31F5AF002B4068;
					};
					ABC5E1812C31F5B0002B4068 = {
						CreatedOnToolsVersion = 15.3;
						TestTargetID = ABC5E1672C31F5AF002B4068;
					};
				};
			};
			buildConfigurationList = ABC5E1632C31F5AF002B4068 /* Build configuration list for PBXProject "iOS-FakeNFT-Extended" */;
			compatibilityVersion = "Xcode 14.0";
			developmentRegion = en;
			hasScannedForEncodings = 0;
			knownRegions = (
				en,
				Base,
				ru,
			);
			mainGroup = ABC5E15F2C31F5AF002B4068;
			packageReferences = (
				ABC5E1D62C3204A9002B4068 /* XCRemoteSwiftPackageReference "Kingfisher" */,
				ABC5E1E02C320535002B4068 /* XCRemoteSwiftPackageReference "ProgressHUD" */,
			);
			productRefGroup = ABC5E1692C31F5AF002B4068 /* Products */;
			projectDirPath = "";
			projectRoot = "";
			targets = (
				ABC5E1672C31F5AF002B4068 /* iOS-FakeNFT-Extended */,
				ABC5E1772C31F5B0002B4068 /* iOS-FakeNFT-ExtendedTests */,
				ABC5E1812C31F5B0002B4068 /* iOS-FakeNFT-ExtendedUITests */,
			);
		};
/* End PBXProject section */

/* Begin PBXResourcesBuildPhase section */
		ABC5E1662C31F5AF002B4068 /* Resources */ = {
			isa = PBXResourcesBuildPhase;
			buildActionMask = 2147483647;
			files = (
				ABC5E1732C31F5AF002B4068 /* Preview Assets.xcassets in Resources */,
				D7FD8FC32EE8830C008F2A1B /* Localizable.xcstrings in Resources */,
				D7AE28AD2EE191E300325B47 /* Launch Screen.storyboard in Resources */,
				ABC5E1702C31F5AF002B4068 /* Assets.xcassets in Resources */,
			);
			runOnlyForDeploymentPostprocessing = 0;
		};
		ABC5E1762C31F5B0002B4068 /* Resources */ = {
			isa = PBXResourcesBuildPhase;
			buildActionMask = 2147483647;
			files = (
			);
			runOnlyForDeploymentPostprocessing = 0;
		};
		ABC5E1802C31F5B0002B4068 /* Resources */ = {
			isa = PBXResourcesBuildPhase;
			buildActionMask = 2147483647;
			files = (
			);
			runOnlyForDeploymentPostprocessing = 0;
		};
/* End PBXResourcesBuildPhase section */

/* Begin PBXSourcesBuildPhase section */
		ABC5E1642C31F5AF002B4068 /* Sources */ = {
			isa = PBXSourcesBuildPhase;
			buildActionMask = 2147483647;
			files = (
				ABC5E1CF2C32041D002B4068 /* NftDetailViewController.swift in Sources */,
				ABC5E1B72C31FC70002B4068 /* ServicesAssembly.swift in Sources */,
				ABC5E19D2C31F6A6002B4068 /* NftStorage.swift in Sources */,
				D7AE28272EDF568300325B47 /* IconsView.swift in Sources */,
				ABC5E1E82C320610002B4068 /* NftDetailBridgeView.swift in Sources */,
				125865B22EF7DA0D007E59B4 /* CollectionDTO.swift in Sources */,
				ABC5E1E62C320585002B4068 /* LinePageControl.swift in Sources */,
				125865BD2EF7DA48007E59B4 /* CollectionsRequest.swift in Sources */,
				125865C02EF7DA48007E59B4 /* CollectionRequest.swift in Sources */,
				ABC5E1DD2C3204DC002B4068 /* CellsReusingUtils.swift in Sources */,
				ABC5E1E42C32055B002B4068 /* ErrorView.swift in Sources */,
				ABC5E1A62C31F815002B4068 /* NetworkRequest.swift in Sources */,
				D7AE28392EE0B00B00325B47 /* Profile.swift in Sources */,
				ABC5E1D52C320446002B4068 /* NftDetailInput.swift in Sources */,
				125865A72EF7D9D7007E59B4 /* CatalogueCellView.swift in Sources */,
				125865A82EF7D9D7007E59B4 /* MockNftService.swift in Sources */,
				125865AA2EF7D9D7007E59B4 /* MockCatalogue.swift in Sources */,
				125865AB2EF7D9D7007E59B4 /* CatalogueViewModel.swift in Sources */,
				125865AC2EF7D9D7007E59B4 /* NftCellView.swift in Sources */,
				125865AD2EF7D9D7007E59B4 /* CollectionViewModel.swift in Sources */,
				125865AE2EF7D9D7007E59B4 /* CollectionView.swift in Sources */,
				125865AF2EF7D9D7007E59B4 /* ScreenState.swift in Sources */,
				125865B02EF7D9D7007E59B4 /* CatalogueView.swift in Sources */,
				ABC5E16E2C31F5AF002B4068 /* ContentView.swift in Sources */,
				ABC5E1B92C31FD51002B4068 /* TestCatalogView.swift in Sources */,
				0245AED52F0009AF009AD812 /* NftSortType.swift in Sources */,
				0245AED62F0009AF009AD812 /* NFTScreenState.swift in Sources */,
				0245AED72F0009AF009AD812 /* MyNFTCell.swift in Sources */,
				0245AED82F0009AF009AD812 /* MyNFTEmptyView.swift in Sources */,
				0245AED92F0009AF009AD812 /* MyNFTViewModel.swift in Sources */,
				0245AEDA2F0009AF009AD812 /* FavNFTView.swift in Sources */,
				0245AEDB2F0009AF009AD812 /* TextFieldAlert.swift in Sources */,
				0245AEDC2F0009AF009AD812 /* ExitAlert.swift in Sources */,
				0245AEDD2F0009AF009AD812 /* ProfileListRow.swift in Sources */,
				0245AEDE2F0009AF009AD812 /* ProfileView.swift in Sources */,
				0245AEDF2F0009AF009AD812 /* FavNFTViewModel.swift in Sources */,
				0245AEE02F0009AF009AD812 /* NFTRatingView.swift in Sources */,
				0245AEE12F0009AF009AD812 /* ProfileUpdateRequest.swift in Sources */,
				0245AEE22F0009AF009AD812 /* ProfileAutoGrowingTextEditor.swift in Sources */,
				0245AEE32F0009AF009AD812 /* FavoritesManager.swift in Sources */,
				0245AEE42F0009AF009AD812 /* ProfileViewModel.swift in Sources */,
				0245AEE52F0009AF009AD812 /* ProfileEditView.swift in Sources */,
				0245AEE62F0009AF009AD812 /* MyNFTView.swift in Sources */,
				0245AEE72F0009AF009AD812 /* FavNFTCell.swift in Sources */,
				0245AEE82F0009AF009AD812 /* ProfileEditViewModel.swift in Sources */,
				0245AEE92F0009AF009AD812 /* ProfilePhotoView.swift in Sources */,
				0245AEEA2F0009AF009AD812 /* NFTImageView.swift in Sources */,
				0245AEEB2F0009AF009AD812 /* AppStorageNftKeys.swift in Sources */,
				0245AEEC2F0009AF009AD812 /* FavNFTEmptyView.swift in Sources */,
				ABC5E1DF2C3204FB002B4068 /* LoadingView.swift in Sources */,
				ABC5E1A42C31F800002B4068 /* NetworkClient.swift in Sources */,
				ABC5E1D32C320438002B4068 /* NftDetailAssembly.swift in Sources */,
				ABC5E1A12C31F6D7002B4068 /* Nft.swift in Sources */,
				D7AE28472EE0B72B00325B47 /* Order.swift in Sources */,
				ABC5E1DB2C3204CE002B4068 /* UIView+Constraints.swift in Sources */,
				ABC5E16C2C31F5AF002B4068 /* iOS_FakeNFT_ExtendedApp.swift in Sources */,
				ABC5E1CB2C3203FC002B4068 /* NftDetailCellModel.swift in Sources */,
				ABC5E1CD2C32040C002B4068 /* NftImageCollectionViewCell.swift in Sources */,
				D7AE283D2EE0B46F00325B47 /* User.swift in Sources */,
				ABC5E1D12C32042C002B4068 /* NftDetailPresenter.swift in Sources */,
				ABC5E1B02C31FB90002B4068 /* RequestConstants.swift in Sources */,
			);
			runOnlyForDeploymentPostprocessing = 0;
		};
		ABC5E1742C31F5B0002B4068 /* Sources */ = {
			isa = PBXSourcesBuildPhase;
			buildActionMask = 2147483647;
			files = (
				ABC5E17D2C31F5B0002B4068 /* iOS_FakeNFT_ExtendedTests.swift in Sources */,
			);
			runOnlyForDeploymentPostprocessing = 0;
		};
		ABC5E17E2C31F5B0002B4068 /* Sources */ = {
			isa = PBXSourcesBuildPhase;
			buildActionMask = 2147483647;
			files = (
				ABC5E1872C31F5B0002B4068 /* iOS_FakeNFT_ExtendedUITests.swift in Sources */,
			);
			runOnlyForDeploymentPostprocessing = 0;
		};
/* End PBXSourcesBuildPhase section */

/* Begin PBXTargetDependency section */
		ABC5E17A2C31F5B0002B4068 /* PBXTargetDependency */ = {
			isa = PBXTargetDependency;
			target = ABC5E1672C31F5AF002B4068 /* iOS-FakeNFT-Extended */;
			targetProxy = ABC5E1792C31F5B0002B4068 /* PBXContainerItemProxy */;
		};
		ABC5E1842C31F5B0002B4068 /* PBXTargetDependency */ = {
			isa = PBXTargetDependency;
			target = ABC5E1672C31F5AF002B4068 /* iOS-FakeNFT-Extended */;
			targetProxy = ABC5E1832C31F5B0002B4068 /* PBXContainerItemProxy */;
		};
/* End PBXTargetDependency section */

/* Begin XCBuildConfiguration section */
		ABC5E18A2C31F5B0002B4068 /* Debug */ = {
			isa = XCBuildConfiguration;
			buildSettings = {
				ALWAYS_SEARCH_USER_PATHS = NO;
				ASSETCATALOG_COMPILER_GENERATE_SWIFT_ASSET_SYMBOL_EXTENSIONS = YES;
				CLANG_ANALYZER_NONNULL = YES;
				CLANG_ANALYZER_NUMBER_OBJECT_CONVERSION = YES_AGGRESSIVE;
				CLANG_CXX_LANGUAGE_STANDARD = "gnu++20";
				CLANG_ENABLE_MODULES = YES;
				CLANG_ENABLE_OBJC_ARC = YES;
				CLANG_ENABLE_OBJC_WEAK = YES;
				CLANG_WARN_BLOCK_CAPTURE_AUTORELEASING = YES;
				CLANG_WARN_BOOL_CONVERSION = YES;
				CLANG_WARN_COMMA = YES;
				CLANG_WARN_CONSTANT_CONVERSION = YES;
				CLANG_WARN_DEPRECATED_OBJC_IMPLEMENTATIONS = YES;
				CLANG_WARN_DIRECT_OBJC_ISA_USAGE = YES_ERROR;
				CLANG_WARN_DOCUMENTATION_COMMENTS = YES;
				CLANG_WARN_EMPTY_BODY = YES;
				CLANG_WARN_ENUM_CONVERSION = YES;
				CLANG_WARN_INFINITE_RECURSION = YES;
				CLANG_WARN_INT_CONVERSION = YES;
				CLANG_WARN_NON_LITERAL_NULL_CONVERSION = YES;
				CLANG_WARN_OBJC_IMPLICIT_RETAIN_SELF = YES;
				CLANG_WARN_OBJC_LITERAL_CONVERSION = YES;
				CLANG_WARN_OBJC_ROOT_CLASS = YES_ERROR;
				CLANG_WARN_QUOTED_INCLUDE_IN_FRAMEWORK_HEADER = YES;
				CLANG_WARN_RANGE_LOOP_ANALYSIS = YES;
				CLANG_WARN_STRICT_PROTOTYPES = YES;
				CLANG_WARN_SUSPICIOUS_MOVE = YES;
				CLANG_WARN_UNGUARDED_AVAILABILITY = YES_AGGRESSIVE;
				CLANG_WARN_UNREACHABLE_CODE = YES;
				CLANG_WARN__DUPLICATE_METHOD_MATCH = YES;
				COPY_PHASE_STRIP = NO;
				DEBUG_INFORMATION_FORMAT = dwarf;
				ENABLE_STRICT_OBJC_MSGSEND = YES;
				ENABLE_TESTABILITY = YES;
				ENABLE_USER_SCRIPT_SANDBOXING = YES;
				GCC_C_LANGUAGE_STANDARD = gnu17;
				GCC_DYNAMIC_NO_PIC = NO;
				GCC_NO_COMMON_BLOCKS = YES;
				GCC_OPTIMIZATION_LEVEL = 0;
				GCC_PREPROCESSOR_DEFINITIONS = (
					"DEBUG=1",
					"$(inherited)",
				);
				GCC_WARN_64_TO_32_BIT_CONVERSION = YES;
				GCC_WARN_ABOUT_RETURN_TYPE = YES_ERROR;
				GCC_WARN_UNDECLARED_SELECTOR = YES;
				GCC_WARN_UNINITIALIZED_AUTOS = YES_AGGRESSIVE;
				GCC_WARN_UNUSED_FUNCTION = YES;
				GCC_WARN_UNUSED_VARIABLE = YES;
				IPHONEOS_DEPLOYMENT_TARGET = 17.4;
				LOCALIZATION_PREFERS_STRING_CATALOGS = YES;
				MTL_ENABLE_DEBUG_INFO = INCLUDE_SOURCE;
				MTL_FAST_MATH = YES;
				ONLY_ACTIVE_ARCH = YES;
				SDKROOT = iphoneos;
				STRING_CATALOG_GENERATE_SYMBOLS = YES;
				SWIFT_ACTIVE_COMPILATION_CONDITIONS = "DEBUG $(inherited)";
				SWIFT_EMIT_LOC_STRINGS = YES;
				SWIFT_OPTIMIZATION_LEVEL = "-Onone";
				SWIFT_STRICT_CONCURRENCY = complete;
			};
			name = Debug;
		};
		ABC5E18B2C31F5B0002B4068 /* Release */ = {
			isa = XCBuildConfiguration;
			buildSettings = {
				ALWAYS_SEARCH_USER_PATHS = NO;
				ASSETCATALOG_COMPILER_GENERATE_SWIFT_ASSET_SYMBOL_EXTENSIONS = YES;
				CLANG_ANALYZER_NONNULL = YES;
				CLANG_ANALYZER_NUMBER_OBJECT_CONVERSION = YES_AGGRESSIVE;
				CLANG_CXX_LANGUAGE_STANDARD = "gnu++20";
				CLANG_ENABLE_MODULES = YES;
				CLANG_ENABLE_OBJC_ARC = YES;
				CLANG_ENABLE_OBJC_WEAK = YES;
				CLANG_WARN_BLOCK_CAPTURE_AUTORELEASING = YES;
				CLANG_WARN_BOOL_CONVERSION = YES;
				CLANG_WARN_COMMA = YES;
				CLANG_WARN_CONSTANT_CONVERSION = YES;
				CLANG_WARN_DEPRECATED_OBJC_IMPLEMENTATIONS = YES;
				CLANG_WARN_DIRECT_OBJC_ISA_USAGE = YES_ERROR;
				CLANG_WARN_DOCUMENTATION_COMMENTS = YES;
				CLANG_WARN_EMPTY_BODY = YES;
				CLANG_WARN_ENUM_CONVERSION = YES;
				CLANG_WARN_INFINITE_RECURSION = YES;
				CLANG_WARN_INT_CONVERSION = YES;
				CLANG_WARN_NON_LITERAL_NULL_CONVERSION = YES;
				CLANG_WARN_OBJC_IMPLICIT_RETAIN_SELF = YES;
				CLANG_WARN_OBJC_LITERAL_CONVERSION = YES;
				CLANG_WARN_OBJC_ROOT_CLASS = YES_ERROR;
				CLANG_WARN_QUOTED_INCLUDE_IN_FRAMEWORK_HEADER = YES;
				CLANG_WARN_RANGE_LOOP_ANALYSIS = YES;
				CLANG_WARN_STRICT_PROTOTYPES = YES;
				CLANG_WARN_SUSPICIOUS_MOVE = YES;
				CLANG_WARN_UNGUARDED_AVAILABILITY = YES_AGGRESSIVE;
				CLANG_WARN_UNREACHABLE_CODE = YES;
				CLANG_WARN__DUPLICATE_METHOD_MATCH = YES;
				COPY_PHASE_STRIP = NO;
				DEBUG_INFORMATION_FORMAT = "dwarf-with-dsym";
				ENABLE_NS_ASSERTIONS = NO;
				ENABLE_STRICT_OBJC_MSGSEND = YES;
				ENABLE_USER_SCRIPT_SANDBOXING = YES;
				GCC_C_LANGUAGE_STANDARD = gnu17;
				GCC_NO_COMMON_BLOCKS = YES;
				GCC_WARN_64_TO_32_BIT_CONVERSION = YES;
				GCC_WARN_ABOUT_RETURN_TYPE = YES_ERROR;
				GCC_WARN_UNDECLARED_SELECTOR = YES;
				GCC_WARN_UNINITIALIZED_AUTOS = YES_AGGRESSIVE;
				GCC_WARN_UNUSED_FUNCTION = YES;
				GCC_WARN_UNUSED_VARIABLE = YES;
				IPHONEOS_DEPLOYMENT_TARGET = 17.4;
				LOCALIZATION_PREFERS_STRING_CATALOGS = YES;
				MTL_ENABLE_DEBUG_INFO = NO;
				MTL_FAST_MATH = YES;
				SDKROOT = iphoneos;
				STRING_CATALOG_GENERATE_SYMBOLS = YES;
				SWIFT_COMPILATION_MODE = wholemodule;
				SWIFT_EMIT_LOC_STRINGS = YES;
				SWIFT_STRICT_CONCURRENCY = complete;
				VALIDATE_PRODUCT = YES;
			};
			name = Release;
		};
		ABC5E18D2C31F5B0002B4068 /* Debug */ = {
			isa = XCBuildConfiguration;
			buildSettings = {
				ASSETCATALOG_COMPILER_APPICON_NAME = AppIcon;
				ASSETCATALOG_COMPILER_GLOBAL_ACCENT_COLOR_NAME = AccentColor;
				CODE_SIGN_STYLE = Automatic;
				CURRENT_PROJECT_VERSION = 1;
				DEVELOPMENT_ASSET_PATHS = "\"iOS-FakeNFT-Extended/Preview Content\"";
				DEVELOPMENT_TEAM = Z9TU247V44;
				ENABLE_PREVIEWS = YES;
				GENERATE_INFOPLIST_FILE = YES;
				INFOPLIST_KEY_UIApplicationSceneManifest_Generation = YES;
				INFOPLIST_KEY_UIApplicationSupportsIndirectInputEvents = YES;
				INFOPLIST_KEY_UILaunchScreen_Generation = YES;
				INFOPLIST_KEY_UILaunchStoryboardName = "Launch Screen";
				INFOPLIST_KEY_UISupportedInterfaceOrientations_iPad = "UIInterfaceOrientationPortrait UIInterfaceOrientationPortraitUpsideDown UIInterfaceOrientationLandscapeLeft UIInterfaceOrientationLandscapeRight";
				INFOPLIST_KEY_UISupportedInterfaceOrientations_iPhone = "UIInterfaceOrientationPortrait UIInterfaceOrientationLandscapeLeft UIInterfaceOrientationLandscapeRight";
				LD_RUNPATH_SEARCH_PATHS = (
					"$(inherited)",
					"@executable_path/Frameworks",
				);
				MARKETING_VERSION = 1.0;
				PRODUCT_BUNDLE_IDENTIFIER = "Yandex-Practicum.iOS-FakeNFT-Extended.com";
				PRODUCT_NAME = "$(TARGET_NAME)";
				SWIFT_EMIT_LOC_STRINGS = YES;
				SWIFT_VERSION = 5.0;
				TARGETED_DEVICE_FAMILY = "1,2";
			};
			name = Debug;
		};
		ABC5E18E2C31F5B0002B4068 /* Release */ = {
			isa = XCBuildConfiguration;
			buildSettings = {
				ASSETCATALOG_COMPILER_APPICON_NAME = AppIcon;
				ASSETCATALOG_COMPILER_GLOBAL_ACCENT_COLOR_NAME = AccentColor;
				CODE_SIGN_STYLE = Automatic;
				CURRENT_PROJECT_VERSION = 1;
				DEVELOPMENT_ASSET_PATHS = "\"iOS-FakeNFT-Extended/Preview Content\"";
				DEVELOPMENT_TEAM = Z9TU247V44;
				ENABLE_PREVIEWS = YES;
				GENERATE_INFOPLIST_FILE = YES;
				INFOPLIST_KEY_UIApplicationSceneManifest_Generation = YES;
				INFOPLIST_KEY_UIApplicationSupportsIndirectInputEvents = YES;
				INFOPLIST_KEY_UILaunchScreen_Generation = YES;
				INFOPLIST_KEY_UILaunchStoryboardName = "Launch Screen";
				INFOPLIST_KEY_UISupportedInterfaceOrientations_iPad = "UIInterfaceOrientationPortrait UIInterfaceOrientationPortraitUpsideDown UIInterfaceOrientationLandscapeLeft UIInterfaceOrientationLandscapeRight";
				INFOPLIST_KEY_UISupportedInterfaceOrientations_iPhone = "UIInterfaceOrientationPortrait UIInterfaceOrientationLandscapeLeft UIInterfaceOrientationLandscapeRight";
				LD_RUNPATH_SEARCH_PATHS = (
					"$(inherited)",
					"@executable_path/Frameworks",
				);
				MARKETING_VERSION = 1.0;
				PRODUCT_BUNDLE_IDENTIFIER = "Yandex-Practicum.iOS-FakeNFT-Extended.com";
				PRODUCT_NAME = "$(TARGET_NAME)";
				SWIFT_EMIT_LOC_STRINGS = YES;
				SWIFT_VERSION = 5.0;
				TARGETED_DEVICE_FAMILY = "1,2";
			};
			name = Release;
		};
		ABC5E1902C31F5B0002B4068 /* Debug */ = {
			isa = XCBuildConfiguration;
			buildSettings = {
				BUNDLE_LOADER = "$(TEST_HOST)";
				CODE_SIGN_STYLE = Automatic;
				CURRENT_PROJECT_VERSION = 1;
				GENERATE_INFOPLIST_FILE = YES;
				IPHONEOS_DEPLOYMENT_TARGET = 17.4;
				MARKETING_VERSION = 1.0;
				PRODUCT_BUNDLE_IDENTIFIER = "Yandex-Practicum.iOS-FakeNFT-ExtendedTests";
				PRODUCT_NAME = "$(TARGET_NAME)";
				SWIFT_EMIT_LOC_STRINGS = NO;
				SWIFT_VERSION = 5.0;
				TARGETED_DEVICE_FAMILY = "1,2";
				TEST_HOST = "$(BUILT_PRODUCTS_DIR)/iOS-FakeNFT-Extended.app/$(BUNDLE_EXECUTABLE_FOLDER_PATH)/iOS-FakeNFT-Extended";
			};
			name = Debug;
		};
		ABC5E1912C31F5B0002B4068 /* Release */ = {
			isa = XCBuildConfiguration;
			buildSettings = {
				BUNDLE_LOADER = "$(TEST_HOST)";
				CODE_SIGN_STYLE = Automatic;
				CURRENT_PROJECT_VERSION = 1;
				GENERATE_INFOPLIST_FILE = YES;
				IPHONEOS_DEPLOYMENT_TARGET = 17.4;
				MARKETING_VERSION = 1.0;
				PRODUCT_BUNDLE_IDENTIFIER = "Yandex-Practicum.iOS-FakeNFT-ExtendedTests";
				PRODUCT_NAME = "$(TARGET_NAME)";
				SWIFT_EMIT_LOC_STRINGS = NO;
				SWIFT_VERSION = 5.0;
				TARGETED_DEVICE_FAMILY = "1,2";
				TEST_HOST = "$(BUILT_PRODUCTS_DIR)/iOS-FakeNFT-Extended.app/$(BUNDLE_EXECUTABLE_FOLDER_PATH)/iOS-FakeNFT-Extended";
			};
			name = Release;
		};
		ABC5E1932C31F5B0002B4068 /* Debug */ = {
			isa = XCBuildConfiguration;
			buildSettings = {
				CODE_SIGN_STYLE = Automatic;
				CURRENT_PROJECT_VERSION = 1;
				GENERATE_INFOPLIST_FILE = YES;
				MARKETING_VERSION = 1.0;
				PRODUCT_BUNDLE_IDENTIFIER = "Yandex-Practicum.iOS-FakeNFT-ExtendedUITests";
				PRODUCT_NAME = "$(TARGET_NAME)";
				SWIFT_EMIT_LOC_STRINGS = NO;
				SWIFT_VERSION = 5.0;
				TARGETED_DEVICE_FAMILY = "1,2";
				TEST_TARGET_NAME = "iOS-FakeNFT-Extended";
			};
			name = Debug;
		};
		ABC5E1942C31F5B0002B4068 /* Release */ = {
			isa = XCBuildConfiguration;
			buildSettings = {
				CODE_SIGN_STYLE = Automatic;
				CURRENT_PROJECT_VERSION = 1;
				GENERATE_INFOPLIST_FILE = YES;
				MARKETING_VERSION = 1.0;
				PRODUCT_BUNDLE_IDENTIFIER = "Yandex-Practicum.iOS-FakeNFT-ExtendedUITests";
				PRODUCT_NAME = "$(TARGET_NAME)";
				SWIFT_EMIT_LOC_STRINGS = NO;
				SWIFT_VERSION = 5.0;
				TARGETED_DEVICE_FAMILY = "1,2";
				TEST_TARGET_NAME = "iOS-FakeNFT-Extended";
			};
			name = Release;
		};
/* End XCBuildConfiguration section */

/* Begin XCConfigurationList section */
		ABC5E1632C31F5AF002B4068 /* Build configuration list for PBXProject "iOS-FakeNFT-Extended" */ = {
			isa = XCConfigurationList;
			buildConfigurations = (
				ABC5E18A2C31F5B0002B4068 /* Debug */,
				ABC5E18B2C31F5B0002B4068 /* Release */,
			);
			defaultConfigurationIsVisible = 0;
			defaultConfigurationName = Release;
		};
		ABC5E18C2C31F5B0002B4068 /* Build configuration list for PBXNativeTarget "iOS-FakeNFT-Extended" */ = {
			isa = XCConfigurationList;
			buildConfigurations = (
				ABC5E18D2C31F5B0002B4068 /* Debug */,
				ABC5E18E2C31F5B0002B4068 /* Release */,
			);
			defaultConfigurationIsVisible = 0;
			defaultConfigurationName = Release;
		};
		ABC5E18F2C31F5B0002B4068 /* Build configuration list for PBXNativeTarget "iOS-FakeNFT-ExtendedTests" */ = {
			isa = XCConfigurationList;
			buildConfigurations = (
				ABC5E1902C31F5B0002B4068 /* Debug */,
				ABC5E1912C31F5B0002B4068 /* Release */,
			);
			defaultConfigurationIsVisible = 0;
			defaultConfigurationName = Release;
		};
		ABC5E1922C31F5B0002B4068 /* Build configuration list for PBXNativeTarget "iOS-FakeNFT-ExtendedUITests" */ = {
			isa = XCConfigurationList;
			buildConfigurations = (
				ABC5E1932C31F5B0002B4068 /* Debug */,
				ABC5E1942C31F5B0002B4068 /* Release */,
			);
			defaultConfigurationIsVisible = 0;
			defaultConfigurationName = Release;
		};
/* End XCConfigurationList section */

/* Begin XCRemoteSwiftPackageReference section */
		ABC5E1D62C3204A9002B4068 /* XCRemoteSwiftPackageReference "Kingfisher" */ = {
			isa = XCRemoteSwiftPackageReference;
			repositoryURL = "https://github.com/onevcat/Kingfisher.git";
			requirement = {
				kind = upToNextMajorVersion;
				minimumVersion = 7.0.0;
			};
		};
		ABC5E1E02C320535002B4068 /* XCRemoteSwiftPackageReference "ProgressHUD" */ = {
			isa = XCRemoteSwiftPackageReference;
			repositoryURL = "https://github.com/relatedcode/ProgressHUD.git";
			requirement = {
				kind = upToNextMajorVersion;
				minimumVersion = 14.0.0;
			};
		};
/* End XCRemoteSwiftPackageReference section */

/* Begin XCSwiftPackageProductDependency section */
		ABC5E1D72C3204A9002B4068 /* Kingfisher */ = {
			isa = XCSwiftPackageProductDependency;
			package = ABC5E1D62C3204A9002B4068 /* XCRemoteSwiftPackageReference "Kingfisher" */;
			productName = Kingfisher;
		};
		ABC5E1E12C320535002B4068 /* ProgressHUD */ = {
			isa = XCSwiftPackageProductDependency;
			package = ABC5E1E02C320535002B4068 /* XCRemoteSwiftPackageReference "ProgressHUD" */;
			productName = ProgressHUD;
		};
/* End XCSwiftPackageProductDependency section */
	};
	rootObject = ABC5E1602C31F5AF002B4068 /* Project object */;
}
